// !$*UTF8*$!
{
	archiveVersion = 1;
	classes = {
	};
	objectVersion = 48;
	objects = {

/* Begin PBXBuildFile section */
		156E2C021F96572800D19E22 /* SwipingController.swift in Sources */ = {isa = PBXBuildFile; fileRef = 156E2C011F96572800D19E22 /* SwipingController.swift */; };
		156E2C041F965BC000D19E22 /* PageCell.swift in Sources */ = {isa = PBXBuildFile; fileRef = 156E2C031F965BC000D19E22 /* PageCell.swift */; };
		158588161F95C05A00ECDF6E /* AppDelegate.swift in Sources */ = {isa = PBXBuildFile; fileRef = 158588151F95C05A00ECDF6E /* AppDelegate.swift */; };
		158588181F95C05A00ECDF6E /* ViewController.swift in Sources */ = {isa = PBXBuildFile; fileRef = 158588171F95C05A00ECDF6E /* ViewController.swift */; };
		1585881B1F95C05A00ECDF6E /* Main.storyboard in Resources */ = {isa = PBXBuildFile; fileRef = 158588191F95C05A00ECDF6E /* Main.storyboard */; };
		1585881D1F95C05A00ECDF6E /* Assets.xcassets in Resources */ = {isa = PBXBuildFile; fileRef = 1585881C1F95C05A00ECDF6E /* Assets.xcassets */; };
		158588201F95C05A00ECDF6E /* LaunchScreen.storyboard in Resources */ = {isa = PBXBuildFile; fileRef = 1585881E1F95C05A00ECDF6E /* LaunchScreen.storyboard */; };
/* End PBXBuildFile section */

/* Begin PBXFileReference section */
		156E2C011F96572800D19E22 /* SwipingController.swift */ = {isa = PBXFileReference; lastKnownFileType = sourcecode.swift; path = SwipingController.swift; sourceTree = "<group>"; };
		156E2C031F965BC000D19E22 /* PageCell.swift */ = {isa = PBXFileReference; lastKnownFileType = sourcecode.swift; path = PageCell.swift; sourceTree = "<group>"; };
		158588121F95C05A00ECDF6E /* AutoLayoutLearn.app */ = {isa = PBXFileReference; explicitFileType = wrapper.application; includeInIndex = 0; path = AutoLayoutLearn.app; sourceTree = BUILT_PRODUCTS_DIR; };
		158588151F95C05A00ECDF6E /* AppDelegate.swift */ = {isa = PBXFileReference; lastKnownFileType = sourcecode.swift; path = AppDelegate.swift; sourceTree = "<group>"; };
		158588171F95C05A00ECDF6E /* ViewController.swift */ = {isa = PBXFileReference; lastKnownFileType = sourcecode.swift; path = ViewController.swift; sourceTree = "<group>"; };
		1585881A1F95C05A00ECDF6E /* Base */ = {isa = PBXFileReference; lastKnownFileType = file.storyboard; name = Base; path = Base.lproj/Main.storyboard; sourceTree = "<group>"; };
		1585881C1F95C05A00ECDF6E /* Assets.xcassets */ = {isa = PBXFileReference; lastKnownFileType = folder.assetcatalog; path = Assets.xcassets; sourceTree = "<group>"; };
		1585881F1F95C05A00ECDF6E /* Base */ = {isa = PBXFileReference; lastKnownFileType = file.storyboard; name = Base; path = Base.lproj/LaunchScreen.storyboard; sourceTree = "<group>"; };
		158588211F95C05A00ECDF6E /* Info.plist */ = {isa = PBXFileReference; lastKnownFileType = text.plist.xml; path = Info.plist; sourceTree = "<group>"; };
/* End PBXFileReference section */

/* Begin PBXFrameworksBuildPhase section */
		1585880F1F95C05A00ECDF6E /* Frameworks */ = {
			isa = PBXFrameworksBuildPhase;
			buildActionMask = 2147483647;
			files = (
			);
			runOnlyForDeploymentPostprocessing = 0;
		};
/* End PBXFrameworksBuildPhase section */

/* Begin PBXGroup section */
		158588091F95C05900ECDF6E = {
			isa = PBXGroup;
			children = (
				158588141F95C05A00ECDF6E /* AutoLayoutLearn */,
				158588131F95C05A00ECDF6E /* Products */,
			);
			sourceTree = "<group>";
		};
		158588131F95C05A00ECDF6E /* Products */ = {
			isa = PBXGroup;
			children = (
				158588121F95C05A00ECDF6E /* AutoLayoutLearn.app */,
			);
			name = Products;
			sourceTree = "<group>";
		};
		158588141F95C05A00ECDF6E /* AutoLayoutLearn */ = {
			isa = PBXGroup;
			children = (
				158588151F95C05A00ECDF6E /* AppDelegate.swift */,
				158588171F95C05A00ECDF6E /* ViewController.swift */,
				158588191F95C05A00ECDF6E /* Main.storyboard */,
				1585881C1F95C05A00ECDF6E /* Assets.xcassets */,
				1585881E1F95C05A00ECDF6E /* LaunchScreen.storyboard */,
				158588211F95C05A00ECDF6E /* Info.plist */,
				156E2C011F96572800D19E22 /* SwipingController.swift */,
				156E2C031F965BC000D19E22 /* PageCell.swift */,
			);
			path = AutoLayoutLearn;
			sourceTree = "<group>";
		};
/* End PBXGroup section */

/* Begin PBXNativeTarget section */
		158588111F95C05A00ECDF6E /* AutoLayoutLearn */ = {
			isa = PBXNativeTarget;
			buildConfigurationList = 158588241F95C05A00ECDF6E /* Build configuration list for PBXNativeTarget "AutoLayoutLearn" */;
			buildPhases = (
				1585880E1F95C05A00ECDF6E /* Sources */,
				1585880F1F95C05A00ECDF6E /* Frameworks */,
				158588101F95C05A00ECDF6E /* Resources */,
			);
			buildRules = (
			);
			dependencies = (
			);
			name = AutoLayoutLearn;
			productName = AutoLayoutLearn;
			productReference = 158588121F95C05A00ECDF6E /* AutoLayoutLearn.app */;
			productType = "com.apple.product-type.application";
		};
/* End PBXNativeTarget section */

/* Begin PBXProject section */
		1585880A1F95C05900ECDF6E /* Project object */ = {
			isa = PBXProject;
			attributes = {
				LastSwiftUpdateCheck = 0900;
				LastUpgradeCheck = 0900;
				ORGANIZATIONNAME = "Alberto Jauregui";
				TargetAttributes = {
					158588111F95C05A00ECDF6E = {
						CreatedOnToolsVersion = 9.0;
						ProvisioningStyle = Automatic;
					};
				};
			};
			buildConfigurationList = 1585880D1F95C05900ECDF6E /* Build configuration list for PBXProject "AutoLayoutLearn" */;
			compatibilityVersion = "Xcode 8.0";
			developmentRegion = en;
			hasScannedForEncodings = 0;
			knownRegions = (
				en,
				Base,
			);
			mainGroup = 158588091F95C05900ECDF6E;
			productRefGroup = 158588131F95C05A00ECDF6E /* Products */;
			projectDirPath = "";
			projectRoot = "";
			targets = (
				158588111F95C05A00ECDF6E /* AutoLayoutLearn */,
			);
		};
/* End PBXProject section */

/* Begin PBXResourcesBuildPhase section */
		158588101F95C05A00ECDF6E /* Resources */ = {
			isa = PBXResourcesBuildPhase;
			buildActionMask = 2147483647;
			files = (
				158588201F95C05A00ECDF6E /* LaunchScreen.storyboard in Resources */,
				1585881D1F95C05A00ECDF6E /* Assets.xcassets in Resources */,
				1585881B1F95C05A00ECDF6E /* Main.storyboard in Resources */,
			);
			runOnlyForDeploymentPostprocessing = 0;
		};
/* End PBXResourcesBuildPhase section */

/* Begin PBXSourcesBuildPhase section */
		1585880E1F95C05A00ECDF6E /* Sources */ = {
			isa = PBXSourcesBuildPhase;
			buildActionMask = 2147483647;
			files = (
				158588181F95C05A00ECDF6E /* ViewController.swift in Sources */,
				158588161F95C05A00ECDF6E /* AppDelegate.swift in Sources */,
				156E2C041F965BC000D19E22 /* PageCell.swift in Sources */,
				156E2C021F96572800D19E22 /* SwipingController.swift in Sources */,
			);
			runOnlyForDeploymentPostprocessing = 0;
		};
/* End PBXSourcesBuildPhase section */

/* Begin PBXVariantGroup section */
		158588191F95C05A00ECDF6E /* Main.storyboard */ = {
			isa = PBXVariantGroup;
			children = (
				1585881A1F95C05A00ECDF6E /* Base */,
			);
			name = Main.storyboard;
			sourceTree = "<group>";
		};
		1585881E1F95C05A00ECDF6E /* LaunchScreen.storyboard */ = {
			isa = PBXVariantGroup;
			children = (
				1585881F1F95C05A00ECDF6E /* Base */,
			);
			name = LaunchScreen.storyboard;
			sourceTree = "<group>";
		};
/* End PBXVariantGroup section */

/* Begin XCBuildConfiguration section */
		158588221F95C05A00ECDF6E /* Debug */ = {
			isa = XCBuildConfiguration;
			buildSettings = {
				ALWAYS_SEARCH_USER_PATHS = NO;
				CLANG_ANALYZER_NONNULL = YES;
				CLANG_ANALYZER_NUMBER_OBJECT_CONVERSION = YES_AGGRESSIVE;
				CLANG_CXX_LANGUAGE_STANDARD = "gnu++14";
				CLANG_CXX_LIBRARY = "libc++";
				CLANG_ENABLE_MODULES = YES;
				CLANG_ENABLE_OBJC_ARC = YES;
				CLANG_WARN_BLOCK_CAPTURE_AUTORELEASING = YES;
				CLANG_WARN_BOOL_CONVERSION = YES;
				CLANG_WARN_COMMA = YES;
				CLANG_WARN_CONSTANT_CONVERSION = YES;
				CLANG_WARN_DIRECT_OBJC_ISA_USAGE = YES_ERROR;
				CLANG_WARN_DOCUMENTATION_COMMENTS = YES;
				CLANG_WARN_EMPTY_BODY = YES;
				CLANG_WARN_ENUM_CONVERSION = YES;
				CLANG_WARN_INFINITE_RECURSION = YES;
				CLANG_WARN_INT_CONVERSION = YES;
				CLANG_WARN_NON_LITERAL_NULL_CONVERSION = YES;
				CLANG_WARN_OBJC_LITERAL_CONVERSION = YES;
				CLANG_WARN_OBJC_ROOT_CLASS = YES_ERROR;
				CLANG_WARN_RANGE_LOOP_ANALYSIS = YES;
				CLANG_WARN_STRICT_PROTOTYPES = YES;
				CLANG_WARN_SUSPICIOUS_MOVE = YES;
				CLANG_WARN_UNGUARDED_AVAILABILITY = YES_AGGRESSIVE;
				CLANG_WARN_UNREACHABLE_CODE = YES;
				CLANG_WARN__DUPLICATE_METHOD_MATCH = YES;
				CODE_SIGN_IDENTITY = "iPhone Developer";
				COPY_PHASE_STRIP = NO;
				DEBUG_INFORMATION_FORMAT = dwarf;
				ENABLE_STRICT_OBJC_MSGSEND = YES;
				ENABLE_TESTABILITY = YES;
				GCC_C_LANGUAGE_STANDARD = gnu11;
				GCC_DYNAMIC_NO_PIC = NO;
				GCC_NO_COMMON_BLOCKS = YES;
				GCC_OPTIMIZATION_LEVEL = 0;
				GCC_PREPROCESSOR_DEFINITIONS = (
					"DEBUG=1",
					"$(inherited)",
				);
				GCC_WARN_64_TO_32_BIT_CONVERSION = YES;
				GCC_WARN_ABOUT_RETURN_TYPE = YES_ERROR;
				GCC_WARN_UNDECLARED_SELECTOR = YES;
				GCC_WARN_UNINITIALIZED_AUTOS = YES_AGGRESSIVE;
				GCC_WARN_UNUSED_FUNCTION = YES;
				GCC_WARN_UNUSED_VARIABLE = YES;
				IPHONEOS_DEPLOYMENT_TARGET = 11.0;
				MTL_ENABLE_DEBUG_INFO = YES;
				ONLY_ACTIVE_ARCH = YES;
				SDKROOT = iphoneos;
				SWIFT_ACTIVE_COMPILATION_CONDITIONS = DEBUG;
				SWIFT_OPTIMIZATION_LEVEL = "-Onone";
			};
			name = Debug;
		};
		158588231F95C05A00ECDF6E /* Release */ = {
			isa = XCBuildConfiguration;
			buildSettings = {
				ALWAYS_SEARCH_USER_PATHS = NO;
				CLANG_ANALYZER_NONNULL = YES;
				CLANG_ANALYZER_NUMBER_OBJECT_CONVERSION = YES_AGGRESSIVE;
				CLANG_CXX_LANGUAGE_STANDARD = "gnu++14";
				CLANG_CXX_LIBRARY = "libc++";
				CLANG_ENABLE_MODULES = YES;
				CLANG_ENABLE_OBJC_ARC = YES;
				CLANG_WARN_BLOCK_CAPTURE_AUTORELEASING = YES;
				CLANG_WARN_BOOL_CONVERSION = YES;
				CLANG_WARN_COMMA = YES;
				CLANG_WARN_CONSTANT_CONVERSION = YES;
				CLANG_WARN_DIRECT_OBJC_ISA_USAGE = YES_ERROR;
				CLANG_WARN_DOCUMENTATION_COMMENTS = YES;
				CLANG_WARN_EMPTY_BODY = YES;
				CLANG_WARN_ENUM_CONVERSION = YES;
				CLANG_WARN_INFINITE_RECURSION = YES;
				CLANG_WARN_INT_CONVERSION = YES;
				CLANG_WARN_NON_LITERAL_NULL_CONVERSION = YES;
				CLANG_WARN_OBJC_LITERAL_CONVERSION = YES;
				CLANG_WARN_OBJC_ROOT_CLASS = YES_ERROR;
				CLANG_WARN_RANGE_LOOP_ANALYSIS = YES;
				CLANG_WARN_STRICT_PROTOTYPES = YES;
				CLANG_WARN_SUSPICIOUS_MOVE = YES;
				CLANG_WARN_UNGUARDED_AVAILABILITY = YES_AGGRESSIVE;
				CLANG_WARN_UNREACHABLE_CODE = YES;
				CLANG_WARN__DUPLICATE_METHOD_MATCH = YES;
				CODE_SIGN_IDENTITY = "iPhone Developer";
				COPY_PHASE_STRIP = NO;
				DEBUG_INFORMATION_FORMAT = "dwarf-with-dsym";
				ENABLE_NS_ASSERTIONS = NO;
				ENABLE_STRICT_OBJC_MSGSEND = YES;
				GCC_C_LANGUAGE_STANDARD = gnu11;
				GCC_NO_COMMON_BLOCKS = YES;
				GCC_WARN_64_TO_32_BIT_CONVERSION = YES;
				GCC_WARN_ABOUT_RETURN_TYPE = YES_ERROR;
				GCC_WARN_UNDECLARED_SELECTOR = YES;
				GCC_WARN_UNINITIALIZED_AUTOS = YES_AGGRESSIVE;
				GCC_WARN_UNUSED_FUNCTION = YES;
				GCC_WARN_UNUSED_VARIABLE = YES;
				IPHONEOS_DEPLOYMENT_TARGET = 11.0;
				MTL_ENABLE_DEBUG_INFO = NO;
				SDKROOT = iphoneos;
				SWIFT_OPTIMIZATION_LEVEL = "-Owholemodule";
				VALIDATE_PRODUCT = YES;
			};
			name = Release;
		};
		158588251F95C05A00ECDF6E /* Debug */ = {
			isa = XCBuildConfiguration;
			buildSettings = {
				ASSETCATALOG_COMPILER_APPICON_NAME = AppIcon;
				CODE_SIGN_STYLE = Automatic;
				DEVELOPMENT_TEAM = FJ95Q8249X;
				INFOPLIST_FILE = AutoLayoutLearn/Info.plist;
				LD_RUNPATH_SEARCH_PATHS = "$(inherited) @executable_path/Frameworks";
				PRODUCT_BUNDLE_IDENTIFIER = com.albertojauregui.AutoLayoutLearn;
				PRODUCT_NAME = "$(TARGET_NAME)";
				SWIFT_VERSION = 4.0;
				TARGETED_DEVICE_FAMILY = "1,2";
			};
			name = Debug;
		};
		158588261F95C05A00ECDF6E /* Release */ = {
			isa = XCBuildConfiguration;
			buildSettings = {
				ASSETCATALOG_COMPILER_APPICON_NAME = AppIcon;
				CODE_SIGN_STYLE = Automatic;
				DEVELOPMENT_TEAM = FJ95Q8249X;
				INFOPLIST_FILE = AutoLayoutLearn/Info.plist;
				LD_RUNPATH_SEARCH_PATHS = "$(inherited) @executable_path/Frameworks";
				PRODUCT_BUNDLE_IDENTIFIER = com.albertojauregui.AutoLayoutLearn;
				PRODUCT_NAME = "$(TARGET_NAME)";
				SWIFT_VERSION = 4.0;
				TARGETED_DEVICE_FAMILY = "1,2";
			};
			name = Release;
		};
/* End XCBuildConfiguration section */

/* Begin XCConfigurationList section */
		1585880D1F95C05900ECDF6E /* Build configuration list for PBXProject "AutoLayoutLearn" */ = {
			isa = XCConfigurationList;
			buildConfigurations = (
				158588221F95C05A00ECDF6E /* Debug */,
				158588231F95C05A00ECDF6E /* Release */,
			);
			defaultConfigurationIsVisible = 0;
			defaultConfigurationName = Release;
		};
		158588241F95C05A00ECDF6E /* Build configuration list for PBXNativeTarget "AutoLayoutLearn" */ = {
			isa = XCConfigurationList;
			buildConfigurations = (
				158588251F95C05A00ECDF6E /* Debug */,
				158588261F95C05A00ECDF6E /* Release */,
			);
			defaultConfigurationIsVisible = 0;
			defaultConfigurationName = Release;
		};
/* End XCConfigurationList section */
	};
	rootObject = 1585880A1F95C05900ECDF6E /* Project object */;
}
